# THIS IS AN AUTOGENERATED FILE. DO NOT EDIT THIS FILE DIRECTLY.
# yarn lockfile v1


theuves-test@^1.0.2:
  version "1.0.2"
  resolved "https://registry.yarnpkg.com/theuves-test/-/theuves-test-1.0.2.tgz#2881e714c65aa421830352b0e14b01f0c3ec5a52"
  integrity sha512-GGiOqgoiGuLy5Cnx15Edxm5kQ2g4JzaZfd7o6QfrRdc0lUyyb+U60ga0p7HkjhpCztaQU9NbaunzjKi4ZtvSqA==
